
Microsoft Visual Studio Solution File, Format Version 12.00
# Visual Studio 15
VisualStudioVersion = 15.0.28307.421
MinimumVisualStudioVersion = 10.0.40219.1
Project("{FAE04EC0-301F-11D3-BF4B-00C04F79EFBC}") = "BombSweeper.Android", "BombSweeper\BombSweeper.Android\BombSweeper.Android.csproj", "{84776023-A928-474D-AB64-305C20D0D075}"
EndProject
Project("{FAE04EC0-301F-11D3-BF4B-00C04F79EFBC}") = "BombSweeper.iOS", "BombSweeper\BombSweeper.iOS\BombSweeper.iOS.csproj", "{C25228B4-A852-47BE-8175-81075C98B5C9}"
EndProject
Project("{FAE04EC0-301F-11D3-BF4B-00C04F79EFBC}") = "BombSweeper.UWP", "BombSweeper\BombSweeper.UWP\BombSweeper.UWP.csproj", "{6F3A3F28-94E0-40C8-85A4-F70AAA900CDE}"
EndProject
Project("{FAE04EC0-301F-11D3-BF4B-00C04F79EFBC}") = "BombSweeper", "BombSweeper\BombSweeper\BombSweeper.csproj", "{DADB7319-562F-4C1D-9353-EC050093A325}"
EndProject
Global
	GlobalSection(SolutionConfigurationPlatforms) = preSolution
		Ad-Hoc|Any CPU = Ad-Hoc|Any CPU
		Ad-Hoc|ARM = Ad-Hoc|ARM
		Ad-Hoc|iPhone = Ad-Hoc|iPhone
		Ad-Hoc|iPhoneSimulator = Ad-Hoc|iPhoneSimulator
		Ad-Hoc|x64 = Ad-Hoc|x64
		Ad-Hoc|x86 = Ad-Hoc|x86
		AppStore|Any CPU = AppStore|Any CPU
		AppStore|ARM = AppStore|ARM
		AppStore|iPhone = AppStore|iPhone
		AppStore|iPhoneSimulator = AppStore|iPhoneSimulator
		AppStore|x64 = AppStore|x64
		AppStore|x86 = AppStore|x86
		Debug|Any CPU = Debug|Any CPU
		Debug|ARM = Debug|ARM
		Debug|iPhone = Debug|iPhone
		Debug|iPhoneSimulator = Debug|iPhoneSimulator
		Debug|x64 = Debug|x64
		Debug|x86 = Debug|x86
		Release|Any CPU = Release|Any CPU
		Release|ARM = Release|ARM
		Release|iPhone = Release|iPhone
		Release|iPhoneSimulator = Release|iPhoneSimulator
		Release|x64 = Release|x64
		Release|x86 = Release|x86
	EndGlobalSection
	GlobalSection(ProjectConfigurationPlatforms) = postSolution
		{84776023-A928-474D-AB64-305C20D0D075}.Ad-Hoc|Any CPU.ActiveCfg = Release|Any CPU
		{84776023-A928-474D-AB64-305C20D0D075}.Ad-Hoc|Any CPU.Build.0 = Release|Any CPU
		{84776023-A928-474D-AB64-305C20D0D075}.Ad-Hoc|Any CPU.Deploy.0 = Release|Any CPU
		{84776023-A928-474D-AB64-305C20D0D075}.Ad-Hoc|ARM.ActiveCfg = Release|Any CPU
		{84776023-A928-474D-AB64-305C20D0D075}.Ad-Hoc|ARM.Build.0 = Release|Any CPU
		{84776023-A928-474D-AB64-305C20D0D075}.Ad-Hoc|ARM.Deploy.0 = Release|Any CPU
		{84776023-A928-474D-AB64-305C20D0D075}.Ad-Hoc|iPhone.ActiveCfg = Release|Any CPU
		{84776023-A928-474D-AB64-305C20D0D075}.Ad-Hoc|iPhone.Build.0 = Release|Any CPU
		{84776023-A928-474D-AB64-305C20D0D075}.Ad-Hoc|iPhone.Deploy.0 = Release|Any CPU
		{84776023-A928-474D-AB64-305C20D0D075}.Ad-Hoc|iPhoneSimulator.ActiveCfg = Release|Any CPU
		{84776023-A928-474D-AB64-305C20D0D075}.Ad-Hoc|iPhoneSimulator.Build.0 = Release|Any CPU
		{84776023-A928-474D-AB64-305C20D0D075}.Ad-Hoc|iPhoneSimulator.Deploy.0 = Release|Any CPU
		{84776023-A928-474D-AB64-305C20D0D075}.Ad-Hoc|x64.ActiveCfg = Release|Any CPU
		{84776023-A928-474D-AB64-305C20D0D075}.Ad-Hoc|x64.Build.0 = Release|Any CPU
		{84776023-A928-474D-AB64-305C20D0D075}.Ad-Hoc|x64.Deploy.0 = Release|Any CPU
		{84776023-A928-474D-AB64-305C20D0D075}.Ad-Hoc|x86.ActiveCfg = Release|Any CPU
		{84776023-A928-474D-AB64-305C20D0D075}.Ad-Hoc|x86.Build.0 = Release|Any CPU
		{84776023-A928-474D-AB64-305C20D0D075}.Ad-Hoc|x86.Deploy.0 = Release|Any CPU
		{84776023-A928-474D-AB64-305C20D0D075}.AppStore|Any CPU.ActiveCfg = Release|Any CPU
		{84776023-A928-474D-AB64-305C20D0D075}.AppStore|Any CPU.Build.0 = Release|Any CPU
		{84776023-A928-474D-AB64-305C20D0D075}.AppStore|Any CPU.Deploy.0 = Release|Any CPU
		{84776023-A928-474D-AB64-305C20D0D075}.AppStore|ARM.ActiveCfg = Release|Any CPU
		{84776023-A928-474D-AB64-305C20D0D075}.AppStore|ARM.Build.0 = Release|Any CPU
		{84776023-A928-474D-AB64-305C20D0D075}.AppStore|ARM.Deploy.0 = Release|Any CPU
		{84776023-A928-474D-AB64-305C20D0D075}.AppStore|iPhone.ActiveCfg = Release|Any CPU
		{84776023-A928-474D-AB64-305C20D0D075}.AppStore|iPhone.Build.0 = Release|Any CPU
		{84776023-A928-474D-AB64-305C20D0D075}.AppStore|iPhone.Deploy.0 = Release|Any CPU
		{84776023-A928-474D-AB64-305C20D0D075}.AppStore|iPhoneSimulator.ActiveCfg = Release|Any CPU
		{84776023-A928-474D-AB64-305C20D0D075}.AppStore|iPhoneSimulator.Build.0 = Release|Any CPU
		{84776023-A928-474D-AB64-305C20D0D075}.AppStore|iPhoneSimulator.Deploy.0 = Release|Any CPU
		{84776023-A928-474D-AB64-305C20D0D075}.AppStore|x64.ActiveCfg = Release|Any CPU
		{84776023-A928-474D-AB64-305C20D0D075}.AppStore|x64.Build.0 = Release|Any CPU
		{84776023-A928-474D-AB64-305C20D0D075}.AppStore|x64.Deploy.0 = Release|Any CPU
		{84776023-A928-474D-AB64-305C20D0D075}.AppStore|x86.ActiveCfg = Release|Any CPU
		{84776023-A928-474D-AB64-305C20D0D075}.AppStore|x86.Build.0 = Release|Any CPU
		{84776023-A928-474D-AB64-305C20D0D075}.AppStore|x86.Deploy.0 = Release|Any CPU
		{84776023-A928-474D-AB64-305C20D0D075}.Debug|Any CPU.ActiveCfg = Debug|Any CPU
		{84776023-A928-474D-AB64-305C20D0D075}.Debug|Any CPU.Build.0 = Debug|Any CPU
		{84776023-A928-474D-AB64-305C20D0D075}.Debug|Any CPU.Deploy.0 = Debug|Any CPU
		{84776023-A928-474D-AB64-305C20D0D075}.Debug|ARM.ActiveCfg = Debug|Any CPU
		{84776023-A928-474D-AB64-305C20D0D075}.Debug|ARM.Build.0 = Debug|Any CPU
		{84776023-A928-474D-AB64-305C20D0D075}.Debug|ARM.Deploy.0 = Debug|Any CPU
		{84776023-A928-474D-AB64-305C20D0D075}.Debug|iPhone.ActiveCfg = Debug|Any CPU
		{84776023-A928-474D-AB64-305C20D0D075}.Debug|iPhone.Build.0 = Debug|Any CPU
		{84776023-A928-474D-AB64-305C20D0D075}.Debug|iPhone.Deploy.0 = Debug|Any CPU
		{84776023-A928-474D-AB64-305C20D0D075}.Debug|iPhoneSimulator.ActiveCfg = Debug|Any CPU
		{84776023-A928-474D-AB64-305C20D0D075}.Debug|iPhoneSimulator.Build.0 = Debug|Any CPU
		{84776023-A928-474D-AB64-305C20D0D075}.Debug|iPhoneSimulator.Deploy.0 = Debug|Any CPU
		{84776023-A928-474D-AB64-305C20D0D075}.Debug|x64.ActiveCfg = Debug|Any CPU
		{84776023-A928-474D-AB64-305C20D0D075}.Debug|x64.Build.0 = Debug|Any CPU
		{84776023-A928-474D-AB64-305C20D0D075}.Debug|x64.Deploy.0 = Debug|Any CPU
		{84776023-A928-474D-AB64-305C20D0D075}.Debug|x86.ActiveCfg = Debug|Any CPU
		{84776023-A928-474D-AB64-305C20D0D075}.Debug|x86.Build.0 = Debug|Any CPU
		{84776023-A928-474D-AB64-305C20D0D075}.Debug|x86.Deploy.0 = Debug|Any CPU
		{84776023-A928-474D-AB64-305C20D0D075}.Release|Any CPU.ActiveCfg = Release|Any CPU
		{84776023-A928-474D-AB64-305C20D0D075}.Release|Any CPU.Build.0 = Release|Any CPU
		{84776023-A928-474D-AB64-305C20D0D075}.Release|Any CPU.Deploy.0 = Release|Any CPU
		{84776023-A928-474D-AB64-305C20D0D075}.Release|ARM.ActiveCfg = Release|Any CPU
		{84776023-A928-474D-AB64-305C20D0D075}.Release|ARM.Build.0 = Release|Any CPU
		{84776023-A928-474D-AB64-305C20D0D075}.Release|ARM.Deploy.0 = Release|Any CPU
		{84776023-A928-474D-AB64-305C20D0D075}.Release|iPhone.ActiveCfg = Release|Any CPU
		{84776023-A928-474D-AB64-305C20D0D075}.Release|iPhone.Build.0 = Release|Any CPU
		{84776023-A928-474D-AB64-305C20D0D075}.Release|iPhone.Deploy.0 = Release|Any CPU
		{84776023-A928-474D-AB64-305C20D0D075}.Release|iPhoneSimulator.ActiveCfg = Release|Any CPU
		{84776023-A928-474D-AB64-305C20D0D075}.Release|iPhoneSimulator.Build.0 = Release|Any CPU
		{84776023-A928-474D-AB64-305C20D0D075}.Release|iPhoneSimulator.Deploy.0 = Release|Any CPU
		{84776023-A928-474D-AB64-305C20D0D075}.Release|x64.ActiveCfg = Release|Any CPU
		{84776023-A928-474D-AB64-305C20D0D075}.Release|x64.Build.0 = Release|Any CPU
		{84776023-A928-474D-AB64-305C20D0D075}.Release|x64.Deploy.0 = Release|Any CPU
		{84776023-A928-474D-AB64-305C20D0D075}.Release|x86.ActiveCfg = Release|Any CPU
		{84776023-A928-474D-AB64-305C20D0D075}.Release|x86.Build.0 = Release|Any CPU
		{84776023-A928-474D-AB64-305C20D0D075}.Release|x86.Deploy.0 = Release|Any CPU
		{C25228B4-A852-47BE-8175-81075C98B5C9}.Ad-Hoc|Any CPU.ActiveCfg = Ad-Hoc|iPhone
		{C25228B4-A852-47BE-8175-81075C98B5C9}.Ad-Hoc|Any CPU.Build.0 = Ad-Hoc|iPhone
		{C25228B4-A852-47BE-8175-81075C98B5C9}.Ad-Hoc|Any CPU.Deploy.0 = Ad-Hoc|iPhone
		{C25228B4-A852-47BE-8175-81075C98B5C9}.Ad-Hoc|ARM.ActiveCfg = Ad-Hoc|iPhone
		{C25228B4-A852-47BE-8175-81075C98B5C9}.Ad-Hoc|ARM.Build.0 = Ad-Hoc|iPhone
		{C25228B4-A852-47BE-8175-81075C98B5C9}.Ad-Hoc|ARM.Deploy.0 = Ad-Hoc|iPhone
		{C25228B4-A852-47BE-8175-81075C98B5C9}.Ad-Hoc|iPhone.ActiveCfg = Ad-Hoc|iPhone
		{C25228B4-A852-47BE-8175-81075C98B5C9}.Ad-Hoc|iPhone.Build.0 = Ad-Hoc|iPhone
		{C25228B4-A852-47BE-8175-81075C98B5C9}.Ad-Hoc|iPhone.Deploy.0 = Ad-Hoc|iPhone
		{C25228B4-A852-47BE-8175-81075C98B5C9}.Ad-Hoc|iPhoneSimulator.ActiveCfg = Ad-Hoc|iPhoneSimulator
		{C25228B4-A852-47BE-8175-81075C98B5C9}.Ad-Hoc|iPhoneSimulator.Build.0 = Ad-Hoc|iPhoneSimulator
		{C25228B4-A852-47BE-8175-81075C98B5C9}.Ad-Hoc|iPhoneSimulator.Deploy.0 = Ad-Hoc|iPhoneSimulator
		{C25228B4-A852-47BE-8175-81075C98B5C9}.Ad-Hoc|x64.ActiveCfg = Ad-Hoc|iPhone
		{C25228B4-A852-47BE-8175-81075C98B5C9}.Ad-Hoc|x64.Build.0 = Ad-Hoc|iPhone
		{C25228B4-A852-47BE-8175-81075C98B5C9}.Ad-Hoc|x64.Deploy.0 = Ad-Hoc|iPhone
		{C25228B4-A852-47BE-8175-81075C98B5C9}.Ad-Hoc|x86.ActiveCfg = Ad-Hoc|iPhone
		{C25228B4-A852-47BE-8175-81075C98B5C9}.Ad-Hoc|x86.Build.0 = Ad-Hoc|iPhone
		{C25228B4-A852-47BE-8175-81075C98B5C9}.Ad-Hoc|x86.Deploy.0 = Ad-Hoc|iPhone
		{C25228B4-A852-47BE-8175-81075C98B5C9}.AppStore|Any CPU.ActiveCfg = AppStore|iPhone
		{C25228B4-A852-47BE-8175-81075C98B5C9}.AppStore|Any CPU.Build.0 = AppStore|iPhone
		{C25228B4-A852-47BE-8175-81075C98B5C9}.AppStore|Any CPU.Deploy.0 = AppStore|iPhone
		{C25228B4-A852-47BE-8175-81075C98B5C9}.AppStore|ARM.ActiveCfg = AppStore|iPhone
		{C25228B4-A852-47BE-8175-81075C98B5C9}.AppStore|ARM.Build.0 = AppStore|iPhone
		{C25228B4-A852-47BE-8175-81075C98B5C9}.AppStore|ARM.Deploy.0 = AppStore|iPhone
		{C25228B4-A852-47BE-8175-81075C98B5C9}.AppStore|iPhone.ActiveCfg = AppStore|iPhone
		{C25228B4-A852-47BE-8175-81075C98B5C9}.AppStore|iPhone.Build.0 = AppStore|iPhone
		{C25228B4-A852-47BE-8175-81075C98B5C9}.AppStore|iPhone.Deploy.0 = AppStore|iPhone
		{C25228B4-A852-47BE-8175-81075C98B5C9}.AppStore|iPhoneSimulator.ActiveCfg = AppStore|iPhoneSimulator
		{C25228B4-A852-47BE-8175-81075C98B5C9}.AppStore|iPhoneSimulator.Build.0 = AppStore|iPhoneSimulator
		{C25228B4-A852-47BE-8175-81075C98B5C9}.AppStore|iPhoneSimulator.Deploy.0 = AppStore|iPhoneSimulator
		{C25228B4-A852-47BE-8175-81075C98B5C9}.AppStore|x64.ActiveCfg = AppStore|iPhone
		{C25228B4-A852-47BE-8175-81075C98B5C9}.AppStore|x64.Build.0 = AppStore|iPhone
		{C25228B4-A852-47BE-8175-81075C98B5C9}.AppStore|x64.Deploy.0 = AppStore|iPhone
		{C25228B4-A852-47BE-8175-81075C98B5C9}.AppStore|x86.ActiveCfg = AppStore|iPhone
		{C25228B4-A852-47BE-8175-81075C98B5C9}.AppStore|x86.Build.0 = AppStore|iPhone
		{C25228B4-A852-47BE-8175-81075C98B5C9}.AppStore|x86.Deploy.0 = AppStore|iPhone
		{C25228B4-A852-47BE-8175-81075C98B5C9}.Debug|Any CPU.ActiveCfg = Debug|iPhoneSimulator
		{C25228B4-A852-47BE-8175-81075C98B5C9}.Debug|Any CPU.Build.0 = Debug|iPhoneSimulator
		{C25228B4-A852-47BE-8175-81075C98B5C9}.Debug|Any CPU.Deploy.0 = Debug|iPhoneSimulator
		{C25228B4-A852-47BE-8175-81075C98B5C9}.Debug|ARM.ActiveCfg = Debug|iPhone
		{C25228B4-A852-47BE-8175-81075C98B5C9}.Debug|ARM.Build.0 = Debug|iPhone
		{C25228B4-A852-47BE-8175-81075C98B5C9}.Debug|ARM.Deploy.0 = Debug|iPhone
		{C25228B4-A852-47BE-8175-81075C98B5C9}.Debug|iPhone.ActiveCfg = Debug|iPhone
		{C25228B4-A852-47BE-8175-81075C98B5C9}.Debug|iPhone.Build.0 = Debug|iPhone
		{C25228B4-A852-47BE-8175-81075C98B5C9}.Debug|iPhone.Deploy.0 = Debug|iPhone
		{C25228B4-A852-47BE-8175-81075C98B5C9}.Debug|iPhoneSimulator.ActiveCfg = Debug|iPhoneSimulator
		{C25228B4-A852-47BE-8175-81075C98B5C9}.Debug|iPhoneSimulator.Build.0 = Debug|iPhoneSimulator
		{C25228B4-A852-47BE-8175-81075C98B5C9}.Debug|iPhoneSimulator.Deploy.0 = Debug|iPhoneSimulator
		{C25228B4-A852-47BE-8175-81075C98B5C9}.Debug|x64.ActiveCfg = Debug|iPhone
		{C25228B4-A852-47BE-8175-81075C98B5C9}.Debug|x64.Build.0 = Debug|iPhone
		{C25228B4-A852-47BE-8175-81075C98B5C9}.Debug|x64.Deploy.0 = Debug|iPhone
		{C25228B4-A852-47BE-8175-81075C98B5C9}.Debug|x86.ActiveCfg = Debug|iPhone
		{C25228B4-A852-47BE-8175-81075C98B5C9}.Debug|x86.Build.0 = Debug|iPhone
		{C25228B4-A852-47BE-8175-81075C98B5C9}.Debug|x86.Deploy.0 = Debug|iPhone
		{C25228B4-A852-47BE-8175-81075C98B5C9}.Release|Any CPU.ActiveCfg = Release|iPhone
		{C25228B4-A852-47BE-8175-81075C98B5C9}.Release|Any CPU.Build.0 = Release|iPhone
		{C25228B4-A852-47BE-8175-81075C98B5C9}.Release|Any CPU.Deploy.0 = Release|iPhone
		{C25228B4-A852-47BE-8175-81075C98B5C9}.Release|ARM.ActiveCfg = Release|iPhone
		{C25228B4-A852-47BE-8175-81075C98B5C9}.Release|ARM.Build.0 = Release|iPhone
		{C25228B4-A852-47BE-8175-81075C98B5C9}.Release|ARM.Deploy.0 = Release|iPhone
		{C25228B4-A852-47BE-8175-81075C98B5C9}.Release|iPhone.ActiveCfg = Release|iPhone
		{C25228B4-A852-47BE-8175-81075C98B5C9}.Release|iPhone.Build.0 = Release|iPhone
		{C25228B4-A852-47BE-8175-81075C98B5C9}.Release|iPhone.Deploy.0 = Release|iPhone
		{C25228B4-A852-47BE-8175-81075C98B5C9}.Release|iPhoneSimulator.ActiveCfg = Release|iPhoneSimulator
		{C25228B4-A852-47BE-8175-81075C98B5C9}.Release|iPhoneSimulator.Build.0 = Release|iPhoneSimulator
		{C25228B4-A852-47BE-8175-81075C98B5C9}.Release|iPhoneSimulator.Deploy.0 = Release|iPhoneSimulator
		{C25228B4-A852-47BE-8175-81075C98B5C9}.Release|x64.ActiveCfg = Release|iPhone
		{C25228B4-A852-47BE-8175-81075C98B5C9}.Release|x64.Build.0 = Release|iPhone
		{C25228B4-A852-47BE-8175-81075C98B5C9}.Release|x64.Deploy.0 = Release|iPhone
		{C25228B4-A852-47BE-8175-81075C98B5C9}.Release|x86.ActiveCfg = Release|iPhone
		{C25228B4-A852-47BE-8175-81075C98B5C9}.Release|x86.Build.0 = Release|iPhone
		{C25228B4-A852-47BE-8175-81075C98B5C9}.Release|x86.Deploy.0 = Release|iPhone
		{6F3A3F28-94E0-40C8-85A4-F70AAA900CDE}.Ad-Hoc|Any CPU.ActiveCfg = Release|x86
		{6F3A3F28-94E0-40C8-85A4-F70AAA900CDE}.Ad-Hoc|Any CPU.Build.0 = Release|x86
		{6F3A3F28-94E0-40C8-85A4-F70AAA900CDE}.Ad-Hoc|Any CPU.Deploy.0 = Release|x86
		{6F3A3F28-94E0-40C8-85A4-F70AAA900CDE}.Ad-Hoc|ARM.ActiveCfg = Release|ARM
		{6F3A3F28-94E0-40C8-85A4-F70AAA900CDE}.Ad-Hoc|ARM.Build.0 = Release|ARM
		{6F3A3F28-94E0-40C8-85A4-F70AAA900CDE}.Ad-Hoc|ARM.Deploy.0 = Release|ARM
		{6F3A3F28-94E0-40C8-85A4-F70AAA900CDE}.Ad-Hoc|iPhone.ActiveCfg = Release|x86
		{6F3A3F28-94E0-40C8-85A4-F70AAA900CDE}.Ad-Hoc|iPhone.Build.0 = Release|x86
		{6F3A3F28-94E0-40C8-85A4-F70AAA900CDE}.Ad-Hoc|iPhone.Deploy.0 = Release|x86
		{6F3A3F28-94E0-40C8-85A4-F70AAA900CDE}.Ad-Hoc|iPhoneSimulator.ActiveCfg = Release|x86
		{6F3A3F28-94E0-40C8-85A4-F70AAA900CDE}.Ad-Hoc|iPhoneSimulator.Build.0 = Release|x86
		{6F3A3F28-94E0-40C8-85A4-F70AAA900CDE}.Ad-Hoc|iPhoneSimulator.Deploy.0 = Release|x86
		{6F3A3F28-94E0-40C8-85A4-F70AAA900CDE}.Ad-Hoc|x64.ActiveCfg = Release|x64
		{6F3A3F28-94E0-40C8-85A4-F70AAA900CDE}.Ad-Hoc|x64.Build.0 = Release|x64
		{6F3A3F28-94E0-40C8-85A4-F70AAA900CDE}.Ad-Hoc|x64.Deploy.0 = Release|x64
		{6F3A3F28-94E0-40C8-85A4-F70AAA900CDE}.Ad-Hoc|x86.ActiveCfg = Release|x86
		{6F3A3F28-94E0-40C8-85A4-F70AAA900CDE}.Ad-Hoc|x86.Build.0 = Release|x86
		{6F3A3F28-94E0-40C8-85A4-F70AAA900CDE}.Ad-Hoc|x86.Deploy.0 = Release|x86
		{6F3A3F28-94E0-40C8-85A4-F70AAA900CDE}.AppStore|Any CPU.ActiveCfg = Release|x86
		{6F3A3F28-94E0-40C8-85A4-F70AAA900CDE}.AppStore|Any CPU.Build.0 = Release|x86
		{6F3A3F28-94E0-40C8-85A4-F70AAA900CDE}.AppStore|Any CPU.Deploy.0 = Release|x86
		{6F3A3F28-94E0-40C8-85A4-F70AAA900CDE}.AppStore|ARM.ActiveCfg = Release|ARM
		{6F3A3F28-94E0-40C8-85A4-F70AAA900CDE}.AppStore|ARM.Build.0 = Release|ARM
		{6F3A3F28-94E0-40C8-85A4-F70AAA900CDE}.AppStore|ARM.Deploy.0 = Release|ARM
		{6F3A3F28-94E0-40C8-85A4-F70AAA900CDE}.AppStore|iPhone.ActiveCfg = Release|x86
		{6F3A3F28-94E0-40C8-85A4-F70AAA900CDE}.AppStore|iPhone.Build.0 = Release|x86
		{6F3A3F28-94E0-40C8-85A4-F70AAA900CDE}.AppStore|iPhone.Deploy.0 = Release|x86
		{6F3A3F28-94E0-40C8-85A4-F70AAA900CDE}.AppStore|iPhoneSimulator.ActiveCfg = Release|x86
		{6F3A3F28-94E0-40C8-85A4-F70AAA900CDE}.AppStore|iPhoneSimulator.Build.0 = Release|x86
		{6F3A3F28-94E0-40C8-85A4-F70AAA900CDE}.AppStore|iPhoneSimulator.Deploy.0 = Release|x86
		{6F3A3F28-94E0-40C8-85A4-F70AAA900CDE}.AppStore|x64.ActiveCfg = Release|x64
		{6F3A3F28-94E0-40C8-85A4-F70AAA900CDE}.AppStore|x64.Build.0 = Release|x64
		{6F3A3F28-94E0-40C8-85A4-F70AAA900CDE}.AppStore|x64.Deploy.0 = Release|x64
		{6F3A3F28-94E0-40C8-85A4-F70AAA900CDE}.AppStore|x86.ActiveCfg = Release|x86
		{6F3A3F28-94E0-40C8-85A4-F70AAA900CDE}.AppStore|x86.Build.0 = Release|x86
		{6F3A3F28-94E0-40C8-85A4-F70AAA900CDE}.AppStore|x86.Deploy.0 = Release|x86
		{6F3A3F28-94E0-40C8-85A4-F70AAA900CDE}.Debug|Any CPU.ActiveCfg = Debug|x86
		{6F3A3F28-94E0-40C8-85A4-F70AAA900CDE}.Debug|Any CPU.Build.0 = Debug|x86
		{6F3A3F28-94E0-40C8-85A4-F70AAA900CDE}.Debug|Any CPU.Deploy.0 = Debug|x86
		{6F3A3F28-94E0-40C8-85A4-F70AAA900CDE}.Debug|ARM.ActiveCfg = Debug|ARM
		{6F3A3F28-94E0-40C8-85A4-F70AAA900CDE}.Debug|ARM.Build.0 = Debug|ARM
		{6F3A3F28-94E0-40C8-85A4-F70AAA900CDE}.Debug|ARM.Deploy.0 = Debug|ARM
		{6F3A3F28-94E0-40C8-85A4-F70AAA900CDE}.Debug|iPhone.ActiveCfg = Debug|x86
		{6F3A3F28-94E0-40C8-85A4-F70AAA900CDE}.Debug|iPhone.Build.0 = Debug|x86
		{6F3A3F28-94E0-40C8-85A4-F70AAA900CDE}.Debug|iPhone.Deploy.0 = Debug|x86
		{6F3A3F28-94E0-40C8-85A4-F70AAA900CDE}.Debug|iPhoneSimulator.ActiveCfg = Debug|x86
		{6F3A3F28-94E0-40C8-85A4-F70AAA900CDE}.Debug|iPhoneSimulator.Build.0 = Debug|x86
		{6F3A3F28-94E0-40C8-85A4-F70AAA900CDE}.Debug|iPhoneSimulator.Deploy.0 = Debug|x86
		{6F3A3F28-94E0-40C8-85A4-F70AAA900CDE}.Debug|x64.ActiveCfg = Debug|x64
		{6F3A3F28-94E0-40C8-85A4-F70AAA900CDE}.Debug|x64.Build.0 = Debug|x64
		{6F3A3F28-94E0-40C8-85A4-F70AAA900CDE}.Debug|x64.Deploy.0 = Debug|x64
		{6F3A3F28-94E0-40C8-85A4-F70AAA900CDE}.Debug|x86.ActiveCfg = Debug|x86
		{6F3A3F28-94E0-40C8-85A4-F70AAA900CDE}.Debug|x86.Build.0 = Debug|x86
		{6F3A3F28-94E0-40C8-85A4-F70AAA900CDE}.Debug|x86.Deploy.0 = Debug|x86
		{6F3A3F28-94E0-40C8-85A4-F70AAA900CDE}.Release|Any CPU.ActiveCfg = Release|x86
		{6F3A3F28-94E0-40C8-85A4-F70AAA900CDE}.Release|Any CPU.Build.0 = Release|x86
		{6F3A3F28-94E0-40C8-85A4-F70AAA900CDE}.Release|Any CPU.Deploy.0 = Release|x86
		{6F3A3F28-94E0-40C8-85A4-F70AAA900CDE}.Release|ARM.ActiveCfg = Release|ARM
		{6F3A3F28-94E0-40C8-85A4-F70AAA900CDE}.Release|ARM.Build.0 = Release|ARM
		{6F3A3F28-94E0-40C8-85A4-F70AAA900CDE}.Release|ARM.Deploy.0 = Release|ARM
		{6F3A3F28-94E0-40C8-85A4-F70AAA900CDE}.Release|iPhone.ActiveCfg = Release|x86
		{6F3A3F28-94E0-40C8-85A4-F70AAA900CDE}.Release|iPhone.Build.0 = Release|x86
		{6F3A3F28-94E0-40C8-85A4-F70AAA900CDE}.Release|iPhone.Deploy.0 = Release|x86
		{6F3A3F28-94E0-40C8-85A4-F70AAA900CDE}.Release|iPhoneSimulator.ActiveCfg = Release|x86
		{6F3A3F28-94E0-40C8-85A4-F70AAA900CDE}.Release|iPhoneSimulator.Build.0 = Release|x86
		{6F3A3F28-94E0-40C8-85A4-F70AAA900CDE}.Release|iPhoneSimulator.Deploy.0 = Release|x86
		{6F3A3F28-94E0-40C8-85A4-F70AAA900CDE}.Release|x64.ActiveCfg = Release|x64
		{6F3A3F28-94E0-40C8-85A4-F70AAA900CDE}.Release|x64.Build.0 = Release|x64
		{6F3A3F28-94E0-40C8-85A4-F70AAA900CDE}.Release|x64.Deploy.0 = Release|x64
		{6F3A3F28-94E0-40C8-85A4-F70AAA900CDE}.Release|x86.ActiveCfg = Release|x86
		{6F3A3F28-94E0-40C8-85A4-F70AAA900CDE}.Release|x86.Build.0 = Release|x86
		{6F3A3F28-94E0-40C8-85A4-F70AAA900CDE}.Release|x86.Deploy.0 = Release|x86
		{DADB7319-562F-4C1D-9353-EC050093A325}.Ad-Hoc|Any CPU.ActiveCfg = Debug|Any CPU
		{DADB7319-562F-4C1D-9353-EC050093A325}.Ad-Hoc|Any CPU.Build.0 = Debug|Any CPU
		{DADB7319-562F-4C1D-9353-EC050093A325}.Ad-Hoc|Any CPU.Deploy.0 = Debug|Any CPU
		{DADB7319-562F-4C1D-9353-EC050093A325}.Ad-Hoc|ARM.ActiveCfg = Debug|Any CPU
		{DADB7319-562F-4C1D-9353-EC050093A325}.Ad-Hoc|ARM.Build.0 = Debug|Any CPU
		{DADB7319-562F-4C1D-9353-EC050093A325}.Ad-Hoc|ARM.Deploy.0 = Debug|Any CPU
		{DADB7319-562F-4C1D-9353-EC050093A325}.Ad-Hoc|iPhone.ActiveCfg = Debug|Any CPU
		{DADB7319-562F-4C1D-9353-EC050093A325}.Ad-Hoc|iPhone.Build.0 = Debug|Any CPU
		{DADB7319-562F-4C1D-9353-EC050093A325}.Ad-Hoc|iPhone.Deploy.0 = Debug|Any CPU
		{DADB7319-562F-4C1D-9353-EC050093A325}.Ad-Hoc|iPhoneSimulator.ActiveCfg = Debug|Any CPU
		{DADB7319-562F-4C1D-9353-EC050093A325}.Ad-Hoc|iPhoneSimulator.Build.0 = Debug|Any CPU
		{DADB7319-562F-4C1D-9353-EC050093A325}.Ad-Hoc|iPhoneSimulator.Deploy.0 = Debug|Any CPU
		{DADB7319-562F-4C1D-9353-EC050093A325}.Ad-Hoc|x64.ActiveCfg = Debug|Any CPU
		{DADB7319-562F-4C1D-9353-EC050093A325}.Ad-Hoc|x64.Build.0 = Debug|Any CPU
		{DADB7319-562F-4C1D-9353-EC050093A325}.Ad-Hoc|x64.Deploy.0 = Debug|Any CPU
		{DADB7319-562F-4C1D-9353-EC050093A325}.Ad-Hoc|x86.ActiveCfg = Debug|Any CPU
		{DADB7319-562F-4C1D-9353-EC050093A325}.Ad-Hoc|x86.Build.0 = Debug|Any CPU
		{DADB7319-562F-4C1D-9353-EC050093A325}.Ad-Hoc|x86.Deploy.0 = Debug|Any CPU
		{DADB7319-562F-4C1D-9353-EC050093A325}.AppStore|Any CPU.ActiveCfg = Debug|Any CPU
		{DADB7319-562F-4C1D-9353-EC050093A325}.AppStore|Any CPU.Build.0 = Debug|Any CPU
		{DADB7319-562F-4C1D-9353-EC050093A325}.AppStore|Any CPU.Deploy.0 = Debug|Any CPU
		{DADB7319-562F-4C1D-9353-EC050093A325}.AppStore|ARM.ActiveCfg = Debug|Any CPU
		{DADB7319-562F-4C1D-9353-EC050093A325}.AppStore|ARM.Build.0 = Debug|Any CPU
		{DADB7319-562F-4C1D-9353-EC050093A325}.AppStore|ARM.Deploy.0 = Debug|Any CPU
		{DADB7319-562F-4C1D-9353-EC050093A325}.AppStore|iPhone.ActiveCfg = Debug|Any CPU
		{DADB7319-562F-4C1D-9353-EC050093A325}.AppStore|iPhone.Build.0 = Debug|Any CPU
		{DADB7319-562F-4C1D-9353-EC050093A325}.AppStore|iPhone.Deploy.0 = Debug|Any CPU
		{DADB7319-562F-4C1D-9353-EC050093A325}.AppStore|iPhoneSimulator.ActiveCfg = Debug|Any CPU
		{DADB7319-562F-4C1D-9353-EC050093A325}.AppStore|iPhoneSimulator.Build.0 = Debug|Any CPU
		{DADB7319-562F-4C1D-9353-EC050093A325}.AppStore|iPhoneSimulator.Deploy.0 = Debug|Any CPU
		{DADB7319-562F-4C1D-9353-EC050093A325}.AppStore|x64.ActiveCfg = Debug|Any CPU
		{DADB7319-562F-4C1D-9353-EC050093A325}.AppStore|x64.Build.0 = Debug|Any CPU
		{DADB7319-562F-4C1D-9353-EC050093A325}.AppStore|x64.Deploy.0 = Debug|Any CPU
		{DADB7319-562F-4C1D-9353-EC050093A325}.AppStore|x86.ActiveCfg = Debug|Any CPU
		{DADB7319-562F-4C1D-9353-EC050093A325}.AppStore|x86.Build.0 = Debug|Any CPU
		{DADB7319-562F-4C1D-9353-EC050093A325}.AppStore|x86.Deploy.0 = Debug|Any CPU
		{DADB7319-562F-4C1D-9353-EC050093A325}.Debug|Any CPU.ActiveCfg = Debug|Any CPU
		{DADB7319-562F-4C1D-9353-EC050093A325}.Debug|Any CPU.Build.0 = Debug|Any CPU
		{DADB7319-562F-4C1D-9353-EC050093A325}.Debug|Any CPU.Deploy.0 = Debug|Any CPU
		{DADB7319-562F-4C1D-9353-EC050093A325}.Debug|ARM.ActiveCfg = Debug|Any CPU
		{DADB7319-562F-4C1D-9353-EC050093A325}.Debug|ARM.Build.0 = Debug|Any CPU
		{DADB7319-562F-4C1D-9353-EC050093A325}.Debug|ARM.Deploy.0 = Debug|Any CPU
		{DADB7319-562F-4C1D-9353-EC050093A325}.Debug|iPhone.ActiveCfg = Debug|Any CPU
		{DADB7319-562F-4C1D-9353-EC050093A325}.Debug|iPhone.Build.0 = Debug|Any CPU
		{DADB7319-562F-4C1D-9353-EC050093A325}.Debug|iPhone.Deploy.0 = Debug|Any CPU
		{DADB7319-562F-4C1D-9353-EC050093A325}.Debug|iPhoneSimulator.ActiveCfg = Debug|Any CPU
		{DADB7319-562F-4C1D-9353-EC050093A325}.Debug|iPhoneSimulator.Build.0 = Debug|Any CPU
		{DADB7319-562F-4C1D-9353-EC050093A325}.Debug|iPhoneSimulator.Deploy.0 = Debug|Any CPU
		{DADB7319-562F-4C1D-9353-EC050093A325}.Debug|x64.ActiveCfg = Debug|Any CPU
		{DADB7319-562F-4C1D-9353-EC050093A325}.Debug|x64.Build.0 = Debug|Any CPU
		{DADB7319-562F-4C1D-9353-EC050093A325}.Debug|x64.Deploy.0 = Debug|Any CPU
		{DADB7319-562F-4C1D-9353-EC050093A325}.Debug|x86.ActiveCfg = Debug|Any CPU
		{DADB7319-562F-4C1D-9353-EC050093A325}.Debug|x86.Build.0 = Debug|Any CPU
		{DADB7319-562F-4C1D-9353-EC050093A325}.Debug|x86.Deploy.0 = Debug|Any CPU
		{DADB7319-562F-4C1D-9353-EC050093A325}.Release|Any CPU.ActiveCfg = Release|Any CPU
		{DADB7319-562F-4C1D-9353-EC050093A325}.Release|Any CPU.Build.0 = Release|Any CPU
		{DADB7319-562F-4C1D-9353-EC050093A325}.Release|Any CPU.Deploy.0 = Release|Any CPU
		{DADB7319-562F-4C1D-9353-EC050093A325}.Release|ARM.ActiveCfg = Release|Any CPU
		{DADB7319-562F-4C1D-9353-EC050093A325}.Release|ARM.Build.0 = Release|Any CPU
		{DADB7319-562F-4C1D-9353-EC050093A325}.Release|ARM.Deploy.0 = Release|Any CPU
		{DADB7319-562F-4C1D-9353-EC050093A325}.Release|iPhone.ActiveCfg = Release|Any CPU
		{DADB7319-562F-4C1D-9353-EC050093A325}.Release|iPhone.Build.0 = Release|Any CPU
		{DADB7319-562F-4C1D-9353-EC050093A325}.Release|iPhone.Deploy.0 = Release|Any CPU
		{DADB7319-562F-4C1D-9353-EC050093A325}.Release|iPhoneSimulator.ActiveCfg = Release|Any CPU
		{DADB7319-562F-4C1D-9353-EC050093A325}.Release|iPhoneSimulator.Build.0 = Release|Any CPU
		{DADB7319-562F-4C1D-9353-EC050093A325}.Release|iPhoneSimulator.Deploy.0 = Release|Any CPU
		{DADB7319-562F-4C1D-9353-EC050093A325}.Release|x64.ActiveCfg = Release|Any CPU
		{DADB7319-562F-4C1D-9353-EC050093A325}.Release|x64.Build.0 = Release|Any CPU
		{DADB7319-562F-4C1D-9353-EC050093A325}.Release|x64.Deploy.0 = Release|Any CPU
		{DADB7319-562F-4C1D-9353-EC050093A325}.Release|x86.ActiveCfg = Release|Any CPU
		{DADB7319-562F-4C1D-9353-EC050093A325}.Release|x86.Build.0 = Release|Any CPU
		{DADB7319-562F-4C1D-9353-EC050093A325}.Release|x86.Deploy.0 = Release|Any CPU
	EndGlobalSection
	GlobalSection(SolutionProperties) = preSolution
		HideSolutionNode = FALSE
	EndGlobalSection
	GlobalSection(ExtensibilityGlobals) = postSolution
		SolutionGuid = {394FF48C-26B1-438B-A6E3-2FD9162EEE72}
	EndGlobalSection
EndGlobal
